
Microsoft Visual Studio Solution File, Format Version 12.00
# Visual Studio Version 17
VisualStudioVersion = 17.2.32516.85
MinimumVisualStudioVersion = 10.0.40219.1
Project("{FAE04EC0-301F-11D3-BF4B-00C04F79EFBC}") = "02UnderstandingTypes", "02UnderstandingTypes\02UnderstandingTypes.csproj", "{AFD40937-74A2-4E54-9928-70D13377BCE8}"
EndProject
Global
	GlobalSection(SolutionConfigurationPlatforms) = preSolution
		Debug|Any CPU = Debug|Any CPU
		Release|Any CPU = Release|Any CPU
	EndGlobalSection
	GlobalSection(ProjectConfigurationPlatforms) = postSolution
		{AFD40937-74A2-4E54-9928-70D13377BCE8}.Debug|Any CPU.ActiveCfg = Debug|Any CPU
		{AFD40937-74A2-4E54-9928-70D13377BCE8}.Debug|Any CPU.Build.0 = Debug|Any CPU
		{AFD40937-74A2-4E54-9928-70D13377BCE8}.Release|Any CPU.ActiveCfg = Release|Any CPU
		{AFD40937-74A2-4E54-9928-70D13377BCE8}.Release|Any CPU.Build.0 = Release|Any CPU
	EndGlobalSection
	GlobalSection(SolutionProperties) = preSolution
		HideSolutionNode = FALSE
	EndGlobalSection
	GlobalSection(ExtensibilityGlobals) = postSolution
		SolutionGuid = {AE35A184-3C85-4CF8-95DA-DCC98A43B654}
	EndGlobalSection
EndGlobal
